
Microsoft Visual Studio Solution File, Format Version 12.00
# Visual Studio Version 17
VisualStudioVersion = 17.3.32714.290
MinimumVisualStudioVersion = 10.0.40219.1
Project("{FAE04EC0-301F-11D3-BF4B-00C04F79EFBC}") = "AppInstallerCaller", "AppInstallerCaller\AppInstallerCaller.csproj", "{32C8637E-51F2-4D33-B627-077E831F6C01}"
EndProject
Project("{8BC9CEB8-8B4A-11D0-8D11-00A0C91BC942}") = "AppInstallerCaller.WinRT", "AppInstallerCaller.WinRT\AppInstallerCaller.WinRT.vcxproj", "{4C28D187-FC4C-4D2D-B85A-A80FC7545027}"
EndProject
Global
	GlobalSection(SolutionConfigurationPlatforms) = preSolution
		Debug|Any CPU = Debug|Any CPU
		Debug|ARM = Debug|ARM
		Debug|ARM64 = Debug|ARM64
		Debug|x64 = Debug|x64
		Debug|x86 = Debug|x86
		Release|Any CPU = Release|Any CPU
		Release|ARM = Release|ARM
		Release|ARM64 = Release|ARM64
		Release|x64 = Release|x64
		Release|x86 = Release|x86
	EndGlobalSection
	GlobalSection(ProjectConfigurationPlatforms) = postSolution
		{32C8637E-51F2-4D33-B627-077E831F6C01}.Debug|Any CPU.ActiveCfg = Debug|x64
		{32C8637E-51F2-4D33-B627-077E831F6C01}.Debug|Any CPU.Build.0 = Debug|x64
		{32C8637E-51F2-4D33-B627-077E831F6C01}.Debug|Any CPU.Deploy.0 = Debug|x64
		{32C8637E-51F2-4D33-B627-077E831F6C01}.Debug|ARM.ActiveCfg = Debug|ARM
		{32C8637E-51F2-4D33-B627-077E831F6C01}.Debug|ARM.Build.0 = Debug|ARM
		{32C8637E-51F2-4D33-B627-077E831F6C01}.Debug|ARM.Deploy.0 = Debug|ARM
		{32C8637E-51F2-4D33-B627-077E831F6C01}.Debug|ARM64.ActiveCfg = Debug|ARM64
		{32C8637E-51F2-4D33-B627-077E831F6C01}.Debug|ARM64.Build.0 = Debug|ARM64
		{32C8637E-51F2-4D33-B627-077E831F6C01}.Debug|ARM64.Deploy.0 = Debug|ARM64
		{32C8637E-51F2-4D33-B627-077E831F6C01}.Debug|x64.ActiveCfg = Debug|x64
		{32C8637E-51F2-4D33-B627-077E831F6C01}.Debug|x64.Build.0 = Debug|x64
		{32C8637E-51F2-4D33-B627-077E831F6C01}.Debug|x64.Deploy.0 = Debug|x64
		{32C8637E-51F2-4D33-B627-077E831F6C01}.Debug|x86.ActiveCfg = Debug|x86
		{32C8637E-51F2-4D33-B627-077E831F6C01}.Debug|x86.Build.0 = Debug|x86
		{32C8637E-51F2-4D33-B627-077E831F6C01}.Debug|x86.Deploy.0 = Debug|x86
		{32C8637E-51F2-4D33-B627-077E831F6C01}.Release|Any CPU.ActiveCfg = Release|x64
		{32C8637E-51F2-4D33-B627-077E831F6C01}.Release|Any CPU.Build.0 = Release|x64
		{32C8637E-51F2-4D33-B627-077E831F6C01}.Release|Any CPU.Deploy.0 = Release|x64
		{32C8637E-51F2-4D33-B627-077E831F6C01}.Release|ARM.ActiveCfg = Release|ARM
		{32C8637E-51F2-4D33-B627-077E831F6C01}.Release|ARM.Build.0 = Release|ARM
		{32C8637E-51F2-4D33-B627-077E831F6C01}.Release|ARM.Deploy.0 = Release|ARM
		{32C8637E-51F2-4D33-B627-077E831F6C01}.Release|ARM64.ActiveCfg = Release|ARM64
		{32C8637E-51F2-4D33-B627-077E831F6C01}.Release|ARM64.Build.0 = Release|ARM64
		{32C8637E-51F2-4D33-B627-077E831F6C01}.Release|ARM64.Deploy.0 = Release|ARM64
		{32C8637E-51F2-4D33-B627-077E831F6C01}.Release|x64.ActiveCfg = Release|x64
		{32C8637E-51F2-4D33-B627-077E831F6C01}.Release|x64.Build.0 = Release|x64
		{32C8637E-51F2-4D33-B627-077E831F6C01}.Release|x64.Deploy.0 = Release|x64
		{32C8637E-51F2-4D33-B627-077E831F6C01}.Release|x86.ActiveCfg = Release|x86
		{32C8637E-51F2-4D33-B627-077E831F6C01}.Release|x86.Build.0 = Release|x86
		{32C8637E-51F2-4D33-B627-077E831F6C01}.Release|x86.Deploy.0 = Release|x86
		{4C28D187-FC4C-4D2D-B85A-A80FC7545027}.Debug|Any CPU.ActiveCfg = Debug|x64
		{4C28D187-FC4C-4D2D-B85A-A80FC7545027}.Debug|Any CPU.Build.0 = Debug|x64
		{4C28D187-FC4C-4D2D-B85A-A80FC7545027}.Debug|ARM.ActiveCfg = Debug|ARM
		{4C28D187-FC4C-4D2D-B85A-A80FC7545027}.Debug|ARM.Build.0 = Debug|ARM
		{4C28D187-FC4C-4D2D-B85A-A80FC7545027}.Debug|ARM64.ActiveCfg = Debug|ARM64
		{4C28D187-FC4C-4D2D-B85A-A80FC7545027}.Debug|ARM64.Build.0 = Debug|ARM64
		{4C28D187-FC4C-4D2D-B85A-A80FC7545027}.Debug|x64.ActiveCfg = Debug|x64
		{4C28D187-FC4C-4D2D-B85A-A80FC7545027}.Debug|x64.Build.0 = Debug|x64
		{4C28D187-FC4C-4D2D-B85A-A80FC7545027}.Debug|x86.ActiveCfg = Debug|Win32
		{4C28D187-FC4C-4D2D-B85A-A80FC7545027}.Debug|x86.Build.0 = Debug|Win32
		{4C28D187-FC4C-4D2D-B85A-A80FC7545027}.Release|Any CPU.ActiveCfg = Release|x64
		{4C28D187-FC4C-4D2D-B85A-A80FC7545027}.Release|Any CPU.Build.0 = Release|x64
		{4C28D187-FC4C-4D2D-B85A-A80FC7545027}.Release|ARM.ActiveCfg = Release|ARM
		{4C28D187-FC4C-4D2D-B85A-A80FC7545027}.Release|ARM.Build.0 = Release|ARM
		{4C28D187-FC4C-4D2D-B85A-A80FC7545027}.Release|ARM64.ActiveCfg = Release|ARM64
		{4C28D187-FC4C-4D2D-B85A-A80FC7545027}.Release|ARM64.Build.0 = Release|ARM64
		{4C28D187-FC4C-4D2D-B85A-A80FC7545027}.Release|x64.ActiveCfg = Release|x64
		{4C28D187-FC4C-4D2D-B85A-A80FC7545027}.Release|x64.Build.0 = Release|x64
		{4C28D187-FC4C-4D2D-B85A-A80FC7545027}.Release|x86.ActiveCfg = Release|Win32
		{4C28D187-FC4C-4D2D-B85A-A80FC7545027}.Release|x86.Build.0 = Release|Win32
	EndGlobalSection
	GlobalSection(SolutionProperties) = preSolution
		HideSolutionNode = FALSE
	EndGlobalSection
	GlobalSection(ExtensibilityGlobals) = postSolution
		SolutionGuid = {D8275A89-C1AD-4F87-96EB-1809F5F9A163}
	EndGlobalSection
EndGlobal
